
Microsoft Visual Studio Solution File, Format Version 12.00
# Visual Studio 15
VisualStudioVersion = 15.0.28307.1401
MinimumVisualStudioVersion = 10.0.40219.1
Project("{8BC9CEB8-8B4A-11D0-8D11-00A0C91BC942}") = "term_project", "term_project\term_project.vcxproj", "{B73803B2-53E9-4EBB-BED4-7E18B6391587}"
EndProject
Global
	GlobalSection(SolutionConfigurationPlatforms) = preSolution
		Debug|x64 = Debug|x64
		Debug|x86 = Debug|x86
		Release|x64 = Release|x64
		Release|x86 = Release|x86
	EndGlobalSection
	GlobalSection(ProjectConfigurationPlatforms) = postSolution
		{B73803B2-53E9-4EBB-BED4-7E18B6391587}.Debug|x64.ActiveCfg = Debug|x64
		{B73803B2-53E9-4EBB-BED4-7E18B6391587}.Debug|x64.Build.0 = Debug|x64
		{B73803B2-53E9-4EBB-BED4-7E18B6391587}.Debug|x86.ActiveCfg = Debug|Win32
		{B73803B2-53E9-4EBB-BED4-7E18B6391587}.Debug|x86.Build.0 = Debug|Win32
		{B73803B2-53E9-4EBB-BED4-7E18B6391587}.Release|x64.ActiveCfg = Release|x64
		{B73803B2-53E9-4EBB-BED4-7E18B6391587}.Release|x64.Build.0 = Release|x64
		{B73803B2-53E9-4EBB-BED4-7E18B6391587}.Release|x86.ActiveCfg = Release|Win32
		{B73803B2-53E9-4EBB-BED4-7E18B6391587}.Release|x86.Build.0 = Release|Win32
	EndGlobalSection
	GlobalSection(SolutionProperties) = preSolution
		HideSolutionNode = FALSE
	EndGlobalSection
	GlobalSection(ExtensibilityGlobals) = postSolution
		SolutionGuid = {10068435-B09A-475E-999A-18C18F3E7964}
	EndGlobalSection
EndGlobal
